
Microsoft Visual Studio Solution File, Format Version 12.00
# Visual Studio Version 17
VisualStudioVersion = 17.0.31903.59
MinimumVisualStudioVersion = 10.0.40219.1
Project("{2150E333-8FDC-42A3-9474-1A3956D46DE8}") = "src", "src", "{4CC8D471-5C55-4D72-A467-2ED14894E685}"
EndProject
Project("{2150E333-8FDC-42A3-9474-1A3956D46DE8}") = "api", "api", "{EA82DAF5-B263-4C3D-8FDF-9FAB65651752}"
EndProject
Project("{FAE04EC0-301F-11D3-BF4B-00C04F79EFBC}") = "PriorizarAtendimento.Api", "src\api\PriorizarAtendimento.Api\PriorizarAtendimento.Api.csproj", "{24D52B71-FE77-4387-8059-E4611F7F4F3E}"
EndProject
Global
	GlobalSection(SolutionConfigurationPlatforms) = preSolution
		Debug|Any CPU = Debug|Any CPU
		Release|Any CPU = Release|Any CPU
	EndGlobalSection
	GlobalSection(SolutionProperties) = preSolution
		HideSolutionNode = FALSE
	EndGlobalSection
	GlobalSection(ProjectConfigurationPlatforms) = postSolution
		{24D52B71-FE77-4387-8059-E4611F7F4F3E}.Debug|Any CPU.ActiveCfg = Debug|Any CPU
		{24D52B71-FE77-4387-8059-E4611F7F4F3E}.Debug|Any CPU.Build.0 = Debug|Any CPU
		{24D52B71-FE77-4387-8059-E4611F7F4F3E}.Release|Any CPU.ActiveCfg = Release|Any CPU
		{24D52B71-FE77-4387-8059-E4611F7F4F3E}.Release|Any CPU.Build.0 = Release|Any CPU
	EndGlobalSection
	GlobalSection(NestedProjects) = preSolution
		{EA82DAF5-B263-4C3D-8FDF-9FAB65651752} = {4CC8D471-5C55-4D72-A467-2ED14894E685}
		{24D52B71-FE77-4387-8059-E4611F7F4F3E} = {EA82DAF5-B263-4C3D-8FDF-9FAB65651752}
	EndGlobalSection
EndGlobal
